
Microsoft Visual Studio Solution File, Format Version 12.00
# Visual Studio Version 16
VisualStudioVersion = 16.0.29613.14
MinimumVisualStudioVersion = 10.0.40219.1
Project("{FAE04EC0-301F-11D3-BF4B-00C04F79EFBC}") = "Flight_AST", "Flight_AST\Flight_AST.csproj", "{7A1B7DD2-9A2E-4561-9648-B3C42ED17736}"
EndProject
Global
	GlobalSection(SolutionConfigurationPlatforms) = preSolution
		Debug|Any CPU = Debug|Any CPU
		Release|Any CPU = Release|Any CPU
	EndGlobalSection
	GlobalSection(ProjectConfigurationPlatforms) = postSolution
		{7A1B7DD2-9A2E-4561-9648-B3C42ED17736}.Debug|Any CPU.ActiveCfg = Debug|Any CPU
		{7A1B7DD2-9A2E-4561-9648-B3C42ED17736}.Debug|Any CPU.Build.0 = Debug|Any CPU
		{7A1B7DD2-9A2E-4561-9648-B3C42ED17736}.Release|Any CPU.ActiveCfg = Release|Any CPU
		{7A1B7DD2-9A2E-4561-9648-B3C42ED17736}.Release|Any CPU.Build.0 = Release|Any CPU
	EndGlobalSection
	GlobalSection(SolutionProperties) = preSolution
		HideSolutionNode = FALSE
	EndGlobalSection
	GlobalSection(ExtensibilityGlobals) = postSolution
		SolutionGuid = {BE68C613-B4DF-4B7C-9C7C-97E65D9152F1}
	EndGlobalSection
EndGlobal
